
Microsoft Visual Studio Solution File, Format Version 12.00
# Visual Studio Version 16
VisualStudioVersion = 25.0.1700.0
MinimumVisualStudioVersion = 10.0.40219.1
Project("{FAE04EC0-301F-11D3-BF4B-00C04F79EFBC}") = "marvintherapy-api", "marvintherapy-api.csproj", "{C1E0713A-2F2F-483D-BE06-F0941B65CC7F}"
EndProject
Global
	GlobalSection(SolutionConfigurationPlatforms) = preSolution
		Debug|Any CPU = Debug|Any CPU
		Release|Any CPU = Release|Any CPU
	EndGlobalSection
	GlobalSection(ProjectConfigurationPlatforms) = postSolution
		{C1E0713A-2F2F-483D-BE06-F0941B65CC7F}.Debug|Any CPU.ActiveCfg = Debug|Any CPU
		{C1E0713A-2F2F-483D-BE06-F0941B65CC7F}.Debug|Any CPU.Build.0 = Debug|Any CPU
		{C1E0713A-2F2F-483D-BE06-F0941B65CC7F}.Release|Any CPU.ActiveCfg = Release|Any CPU
		{C1E0713A-2F2F-483D-BE06-F0941B65CC7F}.Release|Any CPU.Build.0 = Release|Any CPU
	EndGlobalSection
	GlobalSection(SolutionProperties) = preSolution
		HideSolutionNode = FALSE
	EndGlobalSection
	GlobalSection(ExtensibilityGlobals) = postSolution
		SolutionGuid = {E5601924-D99C-41E9-AEAE-1EED6906E2D9}
	EndGlobalSection
EndGlobal
